
Microsoft Visual Studio Solution File, Format Version 12.00
# Visual Studio Version 17
VisualStudioVersion = 17.6.33801.468
MinimumVisualStudioVersion = 10.0.40219.1
Project("{FAE04EC0-301F-11D3-BF4B-00C04F79EFBC}") = "AzureIOTDevice", "AzureIOTDevice.csproj", "{1C212DE7-39B2-4FC0-AB6E-398A80AF8DD4}"
EndProject
Global
	GlobalSection(SolutionConfigurationPlatforms) = preSolution
		Debug|Any CPU = Debug|Any CPU
		Release|Any CPU = Release|Any CPU
	EndGlobalSection
	GlobalSection(ProjectConfigurationPlatforms) = postSolution
		{1C212DE7-39B2-4FC0-AB6E-398A80AF8DD4}.Debug|Any CPU.ActiveCfg = Debug|Any CPU
		{1C212DE7-39B2-4FC0-AB6E-398A80AF8DD4}.Debug|Any CPU.Build.0 = Debug|Any CPU
		{1C212DE7-39B2-4FC0-AB6E-398A80AF8DD4}.Release|Any CPU.ActiveCfg = Release|Any CPU
		{1C212DE7-39B2-4FC0-AB6E-398A80AF8DD4}.Release|Any CPU.Build.0 = Release|Any CPU
	EndGlobalSection
	GlobalSection(SolutionProperties) = preSolution
		HideSolutionNode = FALSE
	EndGlobalSection
	GlobalSection(ExtensibilityGlobals) = postSolution
		SolutionGuid = {CF83AE44-F354-453A-A4BB-1357F37C4ADE}
	EndGlobalSection
EndGlobal
